
Microsoft Visual Studio Solution File, Format Version 12.00
# Visual Studio 15
Project("{FAE04EC0-301F-11D3-BF4B-00C04F79EFBC}") = "UI Radar.Plugins", "UI Radar.Plugins.csproj", "{E442657E-0144-5D8C-3206-31678AB9DA9B}"
EndProject
Project("{FAE04EC0-301F-11D3-BF4B-00C04F79EFBC}") = "UI Radar", "UI Radar.csproj", "{D2F21CC6-C2B9-A54E-E24D-3A670C45A82D}"
EndProject
Project("{FAE04EC0-301F-11D3-BF4B-00C04F79EFBC}") = "UI Radar.Editor.Plugins", "UI Radar.Editor.Plugins.csproj", "{F69F5BBE-D428-5410-C69C-C9F1EBB67326}"
EndProject
Global
	GlobalSection(SolutionConfigurationPlatforms) = preSolution
		Debug|Any CPU = Debug|Any CPU
		Release|Any CPU = Release|Any CPU
	EndGlobalSection
	GlobalSection(ProjectConfigurationPlatforms) = postSolution
		{E442657E-0144-5D8C-3206-31678AB9DA9B}.Debug|Any CPU.ActiveCfg = Debug|Any CPU
		{E442657E-0144-5D8C-3206-31678AB9DA9B}.Debug|Any CPU.Build.0 = Debug|Any CPU
		{E442657E-0144-5D8C-3206-31678AB9DA9B}.Release|Any CPU.ActiveCfg = Release|Any CPU
		{E442657E-0144-5D8C-3206-31678AB9DA9B}.Release|Any CPU.Build.0 = Release|Any CPU
		{D2F21CC6-C2B9-A54E-E24D-3A670C45A82D}.Debug|Any CPU.ActiveCfg = Debug|Any CPU
		{D2F21CC6-C2B9-A54E-E24D-3A670C45A82D}.Debug|Any CPU.Build.0 = Debug|Any CPU
		{D2F21CC6-C2B9-A54E-E24D-3A670C45A82D}.Release|Any CPU.ActiveCfg = Release|Any CPU
		{D2F21CC6-C2B9-A54E-E24D-3A670C45A82D}.Release|Any CPU.Build.0 = Release|Any CPU
		{F69F5BBE-D428-5410-C69C-C9F1EBB67326}.Debug|Any CPU.ActiveCfg = Debug|Any CPU
		{F69F5BBE-D428-5410-C69C-C9F1EBB67326}.Debug|Any CPU.Build.0 = Debug|Any CPU
		{F69F5BBE-D428-5410-C69C-C9F1EBB67326}.Release|Any CPU.ActiveCfg = Release|Any CPU
		{F69F5BBE-D428-5410-C69C-C9F1EBB67326}.Release|Any CPU.Build.0 = Release|Any CPU
	EndGlobalSection
	GlobalSection(SolutionProperties) = preSolution
		HideSolutionNode = FALSE
	EndGlobalSection
EndGlobal
