
Microsoft Visual Studio Solution File, Format Version 12.00
# Visual Studio 15
Project("{FAE04EC0-301F-11D3-BF4B-00C04F79EFBC}") = "UI Buttons", "UI Buttons.csproj", "{37727682-9A42-5A1D-3DB0-0BD8CF6CB2FB}"
EndProject
Global
	GlobalSection(SolutionConfigurationPlatforms) = preSolution
		Debug|Any CPU = Debug|Any CPU
		Release|Any CPU = Release|Any CPU
	EndGlobalSection
	GlobalSection(ProjectConfigurationPlatforms) = postSolution
		{37727682-9A42-5A1D-3DB0-0BD8CF6CB2FB}.Debug|Any CPU.ActiveCfg = Debug|Any CPU
		{37727682-9A42-5A1D-3DB0-0BD8CF6CB2FB}.Debug|Any CPU.Build.0 = Debug|Any CPU
		{37727682-9A42-5A1D-3DB0-0BD8CF6CB2FB}.Release|Any CPU.ActiveCfg = Release|Any CPU
		{37727682-9A42-5A1D-3DB0-0BD8CF6CB2FB}.Release|Any CPU.Build.0 = Release|Any CPU
	EndGlobalSection
	GlobalSection(SolutionProperties) = preSolution
		HideSolutionNode = FALSE
	EndGlobalSection
EndGlobal
